// !$*UTF8*$!
{
	archiveVersion = 1;
	classes = {
	};
	objectVersion = 46;
	objects = {

/* Begin PBXBuildFile section */
		CC2ECF3819E46C4A00D8BA39 /* main.m in Sources */ = {isa = PBXBuildFile; fileRef = CC2ECF3719E46C4A00D8BA39 /* main.m */; };
		CC2ECF3B19E46C4A00D8BA39 /* AppDelegate.m in Sources */ = {isa = PBXBuildFile; fileRef = CC2ECF3A19E46C4A00D8BA39 /* AppDelegate.m */; };
		CC2ECF3E19E46C4A00D8BA39 /* MCMS.xcdatamodeld in Sources */ = {isa = PBXBuildFile; fileRef = CC2ECF3C19E46C4A00D8BA39 /* MCMS.xcdatamodeld */; };
		CC2ECF4119E46C4A00D8BA39 /* ViewController.m in Sources */ = {isa = PBXBuildFile; fileRef = CC2ECF4019E46C4A00D8BA39 /* ViewController.m */; };
		CC2ECF4419E46C4A00D8BA39 /* Main.storyboard in Resources */ = {isa = PBXBuildFile; fileRef = CC2ECF4219E46C4A00D8BA39 /* Main.storyboard */; };
		CC2ECF4619E46C4A00D8BA39 /* Images.xcassets in Resources */ = {isa = PBXBuildFile; fileRef = CC2ECF4519E46C4A00D8BA39 /* Images.xcassets */; };
		CC2ECF4919E46C4A00D8BA39 /* LaunchScreen.xib in Resources */ = {isa = PBXBuildFile; fileRef = CC2ECF4719E46C4A00D8BA39 /* LaunchScreen.xib */; };
		CC2ECF5519E46C4B00D8BA39 /* MCMSTests.m in Sources */ = {isa = PBXBuildFile; fileRef = CC2ECF5419E46C4B00D8BA39 /* MCMSTests.m */; };
		CC2ECF6019E46CDA00D8BA39 /* MagicalCreature.m in Sources */ = {isa = PBXBuildFile; fileRef = CC2ECF5F19E46CDA00D8BA39 /* MagicalCreature.m */; };
		CCA4942F19E48251000105BA /* CreatureViewController.m in Sources */ = {isa = PBXBuildFile; fileRef = CCA4942E19E48251000105BA /* CreatureViewController.m */; };
/* End PBXBuildFile section */

/* Begin PBXContainerItemProxy section */
		CC2ECF4F19E46C4B00D8BA39 /* PBXContainerItemProxy */ = {
			isa = PBXContainerItemProxy;
			containerPortal = CC2ECF2A19E46C4A00D8BA39 /* Project object */;
			proxyType = 1;
			remoteGlobalIDString = CC2ECF3119E46C4A00D8BA39;
			remoteInfo = MCMS;
		};
/* End PBXContainerItemProxy section */

/* Begin PBXFileReference section */
		CC2ECF3219E46C4A00D8BA39 /* MCMS.app */ = {isa = PBXFileReference; explicitFileType = wrapper.application; includeInIndex = 0; path = MCMS.app; sourceTree = BUILT_PRODUCTS_DIR; };
		CC2ECF3619E46C4A00D8BA39 /* Info.plist */ = {isa = PBXFileReference; lastKnownFileType = text.plist.xml; path = Info.plist; sourceTree = "<group>"; };
		CC2ECF3719E46C4A00D8BA39 /* main.m */ = {isa = PBXFileReference; lastKnownFileType = sourcecode.c.objc; path = main.m; sourceTree = "<group>"; };
		CC2ECF3919E46C4A00D8BA39 /* AppDelegate.h */ = {isa = PBXFileReference; lastKnownFileType = sourcecode.c.h; path = AppDelegate.h; sourceTree = "<group>"; };
		CC2ECF3A19E46C4A00D8BA39 /* AppDelegate.m */ = {isa = PBXFileReference; lastKnownFileType = sourcecode.c.objc; path = AppDelegate.m; sourceTree = "<group>"; };
		CC2ECF3D19E46C4A00D8BA39 /* MCMS.xcdatamodel */ = {isa = PBXFileReference; lastKnownFileType = wrapper.xcdatamodel; path = MCMS.xcdatamodel; sourceTree = "<group>"; };
		CC2ECF3F19E46C4A00D8BA39 /* ViewController.h */ = {isa = PBXFileReference; lastKnownFileType = sourcecode.c.h; path = ViewController.h; sourceTree = "<group>"; };
		CC2ECF4019E46C4A00D8BA39 /* ViewController.m */ = {isa = PBXFileReference; lastKnownFileType = sourcecode.c.objc; path = ViewController.m; sourceTree = "<group>"; };
		CC2ECF4319E46C4A00D8BA39 /* Base */ = {isa = PBXFileReference; lastKnownFileType = file.storyboard; name = Base; path = Base.lproj/Main.storyboard; sourceTree = "<group>"; };
		CC2ECF4519E46C4A00D8BA39 /* Images.xcassets */ = {isa = PBXFileReference; lastKnownFileType = folder.assetcatalog; path = Images.xcassets; sourceTree = "<group>"; };
		CC2ECF4819E46C4A00D8BA39 /* Base */ = {isa = PBXFileReference; lastKnownFileType = file.xib; name = Base; path = Base.lproj/LaunchScreen.xib; sourceTree = "<group>"; };
		CC2ECF4E19E46C4B00D8BA39 /* MCMSTests.xctest */ = {isa = PBXFileReference; explicitFileType = wrapper.cfbundle; includeInIndex = 0; path = MCMSTests.xctest; sourceTree = BUILT_PRODUCTS_DIR; };
		CC2ECF5319E46C4B00D8BA39 /* Info.plist */ = {isa = PBXFileReference; lastKnownFileType = text.plist.xml; path = Info.plist; sourceTree = "<group>"; };
		CC2ECF5419E46C4B00D8BA39 /* MCMSTests.m */ = {isa = PBXFileReference; lastKnownFileType = sourcecode.c.objc; path = MCMSTests.m; sourceTree = "<group>"; };
		CC2ECF5E19E46CDA00D8BA39 /* MagicalCreature.h */ = {isa = PBXFileReference; fileEncoding = 4; lastKnownFileType = sourcecode.c.h; path = MagicalCreature.h; sourceTree = "<group>"; };
		CC2ECF5F19E46CDA00D8BA39 /* MagicalCreature.m */ = {isa = PBXFileReference; fileEncoding = 4; lastKnownFileType = sourcecode.c.objc; path = MagicalCreature.m; sourceTree = "<group>"; };
		CCA4942D19E48251000105BA /* CreatureViewController.h */ = {isa = PBXFileReference; fileEncoding = 4; lastKnownFileType = sourcecode.c.h; name = CreatureViewController.h; path = ../CreatureViewController.h; sourceTree = "<group>"; };
		CCA4942E19E48251000105BA /* CreatureViewController.m */ = {isa = PBXFileReference; fileEncoding = 4; lastKnownFileType = sourcecode.c.objc; name = CreatureViewController.m; path = ../CreatureViewController.m; sourceTree = "<group>"; };
/* End PBXFileReference section */

/* Begin PBXFrameworksBuildPhase section */
		CC2ECF2F19E46C4A00D8BA39 /* Frameworks */ = {
			isa = PBXFrameworksBuildPhase;
			buildActionMask = 2147483647;
			files = (
			);
			runOnlyForDeploymentPostprocessing = 0;
		};
		CC2ECF4B19E46C4B00D8BA39 /* Frameworks */ = {
			isa = PBXFrameworksBuildPhase;
			buildActionMask = 2147483647;
			files = (
			);
			runOnlyForDeploymentPostprocessing = 0;
		};
/* End PBXFrameworksBuildPhase section */

/* Begin PBXGroup section */
		CC2ECF2919E46C4A00D8BA39 = {
			isa = PBXGroup;
			children = (
				CC2ECF3419E46C4A00D8BA39 /* MCMS */,
				CC2ECF5119E46C4B00D8BA39 /* MCMSTests */,
				CC2ECF3319E46C4A00D8BA39 /* Products */,
			);
			sourceTree = "<group>";
		};
		CC2ECF3319E46C4A00D8BA39 /* Products */ = {
			isa = PBXGroup;
			children = (
				CC2ECF3219E46C4A00D8BA39 /* MCMS.app */,
				CC2ECF4E19E46C4B00D8BA39 /* MCMSTests.xctest */,
			);
			name = Products;
			sourceTree = "<group>";
		};
		CC2ECF3419E46C4A00D8BA39 /* MCMS */ = {
			isa = PBXGroup;
			children = (
				CCA4942D19E48251000105BA /* CreatureViewController.h */,
				CCA4942E19E48251000105BA /* CreatureViewController.m */,
				CC2ECF3919E46C4A00D8BA39 /* AppDelegate.h */,
				CC2ECF3A19E46C4A00D8BA39 /* AppDelegate.m */,
				CC2ECF3F19E46C4A00D8BA39 /* ViewController.h */,
				CC2ECF4019E46C4A00D8BA39 /* ViewController.m */,
				CC2ECF5E19E46CDA00D8BA39 /* MagicalCreature.h */,
				CC2ECF5F19E46CDA00D8BA39 /* MagicalCreature.m */,
				CC2ECF4219E46C4A00D8BA39 /* Main.storyboard */,
				CC2ECF4519E46C4A00D8BA39 /* Images.xcassets */,
				CC2ECF4719E46C4A00D8BA39 /* LaunchScreen.xib */,
				CC2ECF3C19E46C4A00D8BA39 /* MCMS.xcdatamodeld */,
				CC2ECF3519E46C4A00D8BA39 /* Supporting Files */,
			);
			path = MCMS;
			sourceTree = "<group>";
		};
		CC2ECF3519E46C4A00D8BA39 /* Supporting Files */ = {
			isa = PBXGroup;
			children = (
				CC2ECF3619E46C4A00D8BA39 /* Info.plist */,
				CC2ECF3719E46C4A00D8BA39 /* main.m */,
			);
			name = "Supporting Files";
			sourceTree = "<group>";
		};
		CC2ECF5119E46C4B00D8BA39 /* MCMSTests */ = {
			isa = PBXGroup;
			children = (
				CC2ECF5419E46C4B00D8BA39 /* MCMSTests.m */,
				CC2ECF5219E46C4B00D8BA39 /* Supporting Files */,
			);
			path = MCMSTests;
			sourceTree = "<group>";
		};
		CC2ECF5219E46C4B00D8BA39 /* Supporting Files */ = {
			isa = PBXGroup;
			children = (
				CC2ECF5319E46C4B00D8BA39 /* Info.plist */,
			);
			name = "Supporting Files";
			sourceTree = "<group>";
		};
/* End PBXGroup section */

/* Begin PBXNativeTarget section */
		CC2ECF3119E46C4A00D8BA39 /* MCMS */ = {
			isa = PBXNativeTarget;
			buildConfigurationList = CC2ECF5819E46C4B00D8BA39 /* Build configuration list for PBXNativeTarget "MCMS" */;
			buildPhases = (
				CC2ECF2E19E46C4A00D8BA39 /* Sources */,
				CC2ECF2F19E46C4A00D8BA39 /* Frameworks */,
				CC2ECF3019E46C4A00D8BA39 /* Resources */,
			);
			buildRules = (
			);
			dependencies = (
			);
			name = MCMS;
			productName = MCMS;
			productReference = CC2ECF3219E46C4A00D8BA39 /* MCMS.app */;
			productType = "com.apple.product-type.application";
		};
		CC2ECF4D19E46C4B00D8BA39 /* MCMSTests */ = {
			isa = PBXNativeTarget;
			buildConfigurationList = CC2ECF5B19E46C4B00D8BA39 /* Build configuration list for PBXNativeTarget "MCMSTests" */;
			buildPhases = (
				CC2ECF4A19E46C4B00D8BA39 /* Sources */,
				CC2ECF4B19E46C4B00D8BA39 /* Frameworks */,
				CC2ECF4C19E46C4B00D8BA39 /* Resources */,
			);
			buildRules = (
			);
			dependencies = (
				CC2ECF5019E46C4B00D8BA39 /* PBXTargetDependency */,
			);
			name = MCMSTests;
			productName = MCMSTests;
			productReference = CC2ECF4E19E46C4B00D8BA39 /* MCMSTests.xctest */;
			productType = "com.apple.product-type.bundle.unit-test";
		};
/* End PBXNativeTarget section */

/* Begin PBXProject section */
		CC2ECF2A19E46C4A00D8BA39 /* Project object */ = {
			isa = PBXProject;
			attributes = {
				LastUpgradeCheck = 0600;
				ORGANIZATIONNAME = "MIKE LAND";
				TargetAttributes = {
					CC2ECF3119E46C4A00D8BA39 = {
						CreatedOnToolsVersion = 6.0.1;
					};
					CC2ECF4D19E46C4B00D8BA39 = {
						CreatedOnToolsVersion = 6.0.1;
						TestTargetID = CC2ECF3119E46C4A00D8BA39;
					};
				};
			};
			buildConfigurationList = CC2ECF2D19E46C4A00D8BA39 /* Build configuration list for PBXProject "MCMS" */;
			compatibilityVersion = "Xcode 3.2";
			developmentRegion = English;
			hasScannedForEncodings = 0;
			knownRegions = (
				en,
				Base,
			);
			mainGroup = CC2ECF2919E46C4A00D8BA39;
			productRefGroup = CC2ECF3319E46C4A00D8BA39 /* Products */;
			projectDirPath = "";
			projectRoot = "";
			targets = (
				CC2ECF3119E46C4A00D8BA39 /* MCMS */,
				CC2ECF4D19E46C4B00D8BA39 /* MCMSTests */,
			);
		};
/* End PBXProject section */

/* Begin PBXResourcesBuildPhase section */
		CC2ECF3019E46C4A00D8BA39 /* Resources */ = {
			isa = PBXResourcesBuildPhase;
			buildActionMask = 2147483647;
			files = (
				CC2ECF4419E46C4A00D8BA39 /* Main.storyboard in Resources */,
				CC2ECF4919E46C4A00D8BA39 /* LaunchScreen.xib in Resources */,
				CC2ECF4619E46C4A00D8BA39 /* Images.xcassets in Resources */,
			);
			runOnlyForDeploymentPostprocessing = 0;
		};
		CC2ECF4C19E46C4B00D8BA39 /* Resources */ = {
			isa = PBXResourcesBuildPhase;
			buildActionMask = 2147483647;
			files = (
			);
			runOnlyForDeploymentPostprocessing = 0;
		};
/* End PBXResourcesBuildPhase section */

/* Begin PBXSourcesBuildPhase section */
		CC2ECF2E19E46C4A00D8BA39 /* Sources */ = {
			isa = PBXSourcesBuildPhase;
			buildActionMask = 2147483647;
			files = (
				CC2ECF3B19E46C4A00D8BA39 /* AppDelegate.m in Sources */,
				CC2ECF3E19E46C4A00D8BA39 /* MCMS.xcdatamodeld in Sources */,
				CC2ECF6019E46CDA00D8BA39 /* MagicalCreature.m in Sources */,
				CCA4942F19E48251000105BA /* CreatureViewController.m in Sources */,
				CC2ECF4119E46C4A00D8BA39 /* ViewController.m in Sources */,
				CC2ECF3819E46C4A00D8BA39 /* main.m in Sources */,
			);
			runOnlyForDeploymentPostprocessing = 0;
		};
		CC2ECF4A19E46C4B00D8BA39 /* Sources */ = {
			isa = PBXSourcesBuildPhase;
			buildActionMask = 2147483647;
			files = (
				CC2ECF5519E46C4B00D8BA39 /* MCMSTests.m in Sources */,
			);
			runOnlyForDeploymentPostprocessing = 0;
		};
/* End PBXSourcesBuildPhase section */

/* Begin PBXTargetDependency section */
		CC2ECF5019E46C4B00D8BA39 /* PBXTargetDependency */ = {
			isa = PBXTargetDependency;
			target = CC2ECF3119E46C4A00D8BA39 /* MCMS */;
			targetProxy = CC2ECF4F19E46C4B00D8BA39 /* PBXContainerItemProxy */;
		};
/* End PBXTargetDependency section */

/* Begin PBXVariantGroup section */
		CC2ECF4219E46C4A00D8BA39 /* Main.storyboard */ = {
			isa = PBXVariantGroup;
			children = (
				CC2ECF4319E46C4A00D8BA39 /* Base */,
			);
			name = Main.storyboard;
			sourceTree = "<group>";
		};
		CC2ECF4719E46C4A00D8BA39 /* LaunchScreen.xib */ = {
			isa = PBXVariantGroup;
			children = (
				CC2ECF4819E46C4A00D8BA39 /* Base */,
			);
			name = LaunchScreen.xib;
			sourceTree = "<group>";
		};
/* End PBXVariantGroup section */

/* Begin XCBuildConfiguration section */
		CC2ECF5619E46C4B00D8BA39 /* Debug */ = {
			isa = XCBuildConfiguration;
			buildSettings = {
				ALWAYS_SEARCH_USER_PATHS = NO;
				CLANG_CXX_LANGUAGE_STANDARD = "gnu++0x";
				CLANG_CXX_LIBRARY = "libc++";
				CLANG_ENABLE_MODULES = YES;
				CLANG_ENABLE_OBJC_ARC = YES;
				CLANG_WARN_BOOL_CONVERSION = YES;
				CLANG_WARN_CONSTANT_CONVERSION = YES;
				CLANG_WARN_DIRECT_OBJC_ISA_USAGE = YES_ERROR;
				CLANG_WARN_EMPTY_BODY = YES;
				CLANG_WARN_ENUM_CONVERSION = YES;
				CLANG_WARN_INT_CONVERSION = YES;
				CLANG_WARN_OBJC_ROOT_CLASS = YES_ERROR;
				CLANG_WARN_UNREACHABLE_CODE = YES;
				CLANG_WARN__DUPLICATE_METHOD_MATCH = YES;
				"CODE_SIGN_IDENTITY[sdk=iphoneos*]" = "iPhone Developer";
				COPY_PHASE_STRIP = NO;
				ENABLE_STRICT_OBJC_MSGSEND = YES;
				GCC_C_LANGUAGE_STANDARD = gnu99;
				GCC_DYNAMIC_NO_PIC = NO;
				GCC_OPTIMIZATION_LEVEL = 0;
				GCC_PREPROCESSOR_DEFINITIONS = (
					"DEBUG=1",
					"$(inherited)",
				);
				GCC_SYMBOLS_PRIVATE_EXTERN = NO;
				GCC_WARN_64_TO_32_BIT_CONVERSION = YES;
				GCC_WARN_ABOUT_RETURN_TYPE = YES_ERROR;
				GCC_WARN_UNDECLARED_SELECTOR = YES;
				GCC_WARN_UNINITIALIZED_AUTOS = YES_AGGRESSIVE;
				GCC_WARN_UNUSED_FUNCTION = YES;
				GCC_WARN_UNUSED_VARIABLE = YES;
				IPHONEOS_DEPLOYMENT_TARGET = 8.0;
				MTL_ENABLE_DEBUG_INFO = YES;
				ONLY_ACTIVE_ARCH = YES;
				SDKROOT = iphoneos;
			};
			name = Debug;
		};
		CC2ECF5719E46C4B00D8BA39 /* Release */ = {
			isa = XCBuildConfiguration;
			buildSettings = {
				ALWAYS_SEARCH_USER_PATHS = NO;
				CLANG_CXX_LANGUAGE_STANDARD = "gnu++0x";
				CLANG_CXX_LIBRARY = "libc++";
				CLANG_ENABLE_MODULES = YES;
				CLANG_ENABLE_OBJC_ARC = YES;
				CLANG_WARN_BOOL_CONVERSION = YES;
				CLANG_WARN_CONSTANT_CONVERSION = YES;
				CLANG_WARN_DIRECT_OBJC_ISA_USAGE = YES_ERROR;
				CLANG_WARN_EMPTY_BODY = YES;
				CLANG_WARN_ENUM_CONVERSION = YES;
				CLANG_WARN_INT_CONVERSION = YES;
				CLANG_WARN_OBJC_ROOT_CLASS = YES_ERROR;
				CLANG_WARN_UNREACHABLE_CODE = YES;
				CLANG_WARN__DUPLICATE_METHOD_MATCH = YES;
				"CODE_SIGN_IDENTITY[sdk=iphoneos*]" = "iPhone Developer";
				COPY_PHASE_STRIP = YES;
				ENABLE_NS_ASSERTIONS = NO;
				ENABLE_STRICT_OBJC_MSGSEND = YES;
				GCC_C_LANGUAGE_STANDARD = gnu99;
				GCC_WARN_64_TO_32_BIT_CONVERSION = YES;
				GCC_WARN_ABOUT_RETURN_TYPE = YES_ERROR;
				GCC_WARN_UNDECLARED_SELECTOR = YES;
				GCC_WARN_UNINITIALIZED_AUTOS = YES_AGGRESSIVE;
				GCC_WARN_UNUSED_FUNCTION = YES;
				GCC_WARN_UNUSED_VARIABLE = YES;
				IPHONEOS_DEPLOYMENT_TARGET = 8.0;
				MTL_ENABLE_DEBUG_INFO = NO;
				SDKROOT = iphoneos;
				VALIDATE_PRODUCT = YES;
			};
			name = Release;
		};
		CC2ECF5919E46C4B00D8BA39 /* Debug */ = {
			isa = XCBuildConfiguration;
			buildSettings = {
				ASSETCATALOG_COMPILER_APPICON_NAME = AppIcon;
				INFOPLIST_FILE = MCMS/Info.plist;
				LD_RUNPATH_SEARCH_PATHS = "$(inherited) @executable_path/Frameworks";
				PRODUCT_NAME = "$(TARGET_NAME)";
			};
			name = Debug;
		};
		CC2ECF5A19E46C4B00D8BA39 /* Release */ = {
			isa = XCBuildConfiguration;
			buildSettings = {
				ASSETCATALOG_COMPILER_APPICON_NAME = AppIcon;
				INFOPLIST_FILE = MCMS/Info.plist;
				LD_RUNPATH_SEARCH_PATHS = "$(inherited) @executable_path/Frameworks";
				PRODUCT_NAME = "$(TARGET_NAME)";
			};
			name = Release;
		};
		CC2ECF5C19E46C4B00D8BA39 /* Debug */ = {
			isa = XCBuildConfiguration;
			buildSettings = {
				BUNDLE_LOADER = "$(TEST_HOST)";
				FRAMEWORK_SEARCH_PATHS = (
					"$(SDKROOT)/Developer/Library/Frameworks",
					"$(inherited)",
				);
				GCC_PREPROCESSOR_DEFINITIONS = (
					"DEBUG=1",
					"$(inherited)",
				);
				INFOPLIST_FILE = MCMSTests/Info.plist;
				LD_RUNPATH_SEARCH_PATHS = "$(inherited) @executable_path/Frameworks @loader_path/Frameworks";
				PRODUCT_NAME = "$(TARGET_NAME)";
				TEST_HOST = "$(BUILT_PRODUCTS_DIR)/MCMS.app/MCMS";
			};
			name = Debug;
		};
		CC2ECF5D19E46C4B00D8BA39 /* Release */ = {
			isa = XCBuildConfiguration;
			buildSettings = {
				BUNDLE_LOADER = "$(TEST_HOST)";
				FRAMEWORK_SEARCH_PATHS = (
					"$(SDKROOT)/Developer/Library/Frameworks",
					"$(inherited)",
				);
				INFOPLIST_FILE = MCMSTests/Info.plist;
				LD_RUNPATH_SEARCH_PATHS = "$(inherited) @executable_path/Frameworks @loader_path/Frameworks";
				PRODUCT_NAME = "$(TARGET_NAME)";
				TEST_HOST = "$(BUILT_PRODUCTS_DIR)/MCMS.app/MCMS";
			};
			name = Release;
		};
/* End XCBuildConfiguration section */

/* Begin XCConfigurationList section */
		CC2ECF2D19E46C4A00D8BA39 /* Build configuration list for PBXProject "MCMS" */ = {
			isa = XCConfigurationList;
			buildConfigurations = (
				CC2ECF5619E46C4B00D8BA39 /* Debug */,
				CC2ECF5719E46C4B00D8BA39 /* Release */,
			);
			defaultConfigurationIsVisible = 0;
			defaultConfigurationName = Release;
		};
		CC2ECF5819E46C4B00D8BA39 /* Build configuration list for PBXNativeTarget "MCMS" */ = {
			isa = XCConfigurationList;
			buildConfigurations = (
				CC2ECF5919E46C4B00D8BA39 /* Debug */,
				CC2ECF5A19E46C4B00D8BA39 /* Release */,
			);
			defaultConfigurationIsVisible = 0;
			defaultConfigurationName = Release;
		};
		CC2ECF5B19E46C4B00D8BA39 /* Build configuration list for PBXNativeTarget "MCMSTests" */ = {
			isa = XCConfigurationList;
			buildConfigurations = (
				CC2ECF5C19E46C4B00D8BA39 /* Debug */,
				CC2ECF5D19E46C4B00D8BA39 /* Release */,
			);
			defaultConfigurationIsVisible = 0;
			defaultConfigurationName = Release;
		};
/* End XCConfigurationList section */

/* Begin XCVersionGroup section */
		CC2ECF3C19E46C4A00D8BA39 /* MCMS.xcdatamodeld */ = {
			isa = XCVersionGroup;
			children = (
				CC2ECF3D19E46C4A00D8BA39 /* MCMS.xcdatamodel */,
			);
			currentVersion = CC2ECF3D19E46C4A00D8BA39 /* MCMS.xcdatamodel */;
			path = MCMS.xcdatamodeld;
			sourceTree = "<group>";
			versionGroupType = wrapper.xcdatamodel;
		};
/* End XCVersionGroup section */
	};
	rootObject = CC2ECF2A19E46C4A00D8BA39 /* Project object */;
}
